{
  "name": "PinoyBugtongApi",
  "version": "1.0.0",
  "lockfileVersion": 2,
  "requires": true,
  "packages": {
    "": {
      "version": "1.0.0",
      "license": "ISC",
      "dependencies": {
        "expressjs": "^1.0.1"
      }
    },
    "node_modules/expressjs": {
      "version": "1.0.1",
      "resolved": "https://registry.npmjs.org/expressjs/-/expressjs-1.0.1.tgz",
      "integrity": "sha512-eFnQ5bMJxTZ29XwRJPV8ee/OURBBMS6Fm+b5rvMMEyz6u2IxPEh2SRzMZt9WvgnV+SMLmnzkALE1DnGG1HxJCw==",
      "deprecated": "This is a typosquat on the popular Express package. This is not maintained nor is the original Express package."
    }
  },
  "dependencies": {
    "expressjs": {
      "version": "1.0.1",
      "resolved": "https://registry.npmjs.org/expressjs/-/expressjs-1.0.1.tgz",
      "integrity": "sha512-eFnQ5bMJxTZ29XwRJPV8ee/OURBBMS6Fm+b5rvMMEyz6u2IxPEh2SRzMZt9WvgnV+SMLmnzkALE1DnGG1HxJCw=="
    }
  }
}
